{
  "projects": [
    {
      "projectId": "84wxoth5npGrp6RRXPL88z",
      "version": "4.30.0",
      "dependencies": {},
      "lang": "js",
      "fileLocks": [
        {
          "assetId": "84wxoth5npGrp6RRXPL88z",
          "checksum": "14e34fc8ee04382a88f671116234a1e3",
          "type": "globalContexts"
        },
        {
          "assetId": "84wxoth5npGrp6RRXPL88z",
          "type": "projectCss",
          "checksum": "aedf7b9afd779b089be209519ad30e96"
        }
      ],
      "codegenVersion": "0.0.1"
    },
    {
      "projectId": "caTPwKxj5ZrD9LQ7DMdK4Z",
      "version": "3.40.0",
      "dependencies": {},
      "lang": "js",
      "fileLocks": [
        {
          "assetId": "caTPwKxj5ZrD9LQ7DMdK4Z",
          "type": "projectCss",
          "checksum": "1c02168c6b23256606111fdfdbb63549"
        }
      ],
      "codegenVersion": "0.0.1"
    },
    {
      "projectId": "ohDidvG9XsCeFumugENU3J",
      "version": "6.29.0",
      "dependencies": {},
      "lang": "js",
      "fileLocks": [
        {
          "assetId": "ohDidvG9XsCeFumugENU3J",
          "checksum": "de0a0e65174a6a185a8f822af51c6bdd",
          "type": "globalContexts"
        },
        {
          "assetId": "ohDidvG9XsCeFumugENU3J",
          "type": "projectCss",
          "checksum": "ba2a60a163fca4f4d510275088a2be53"
        }
      ],
      "codegenVersion": "0.0.1"
    },
    {
      "projectId": "58GpZjZCWTaJ8AUhpCwt2K",
      "version": "3.28.0",
      "dependencies": {},
      "lang": "js",
      "fileLocks": [
        {
          "assetId": "58GpZjZCWTaJ8AUhpCwt2K",
          "type": "projectCss",
          "checksum": "f0469e206244772473ab64f50be898f9"
        }
      ],
      "codegenVersion": "0.0.1"
    },
    {
      "projectId": "7nJ7UcFmq9UzB6eXfC5z4a",
      "version": "0.31.0",
      "dependencies": {},
      "lang": "js",
      "fileLocks": [
        {
          "assetId": "7nJ7UcFmq9UzB6eXfC5z4a",
          "type": "projectCss",
          "checksum": "01e8cee5b9ce00fbc93f494c2a40dbf1"
        }
      ],
      "codegenVersion": "0.0.1"
    },
    {
      "projectId": "4dvBXLce6aZWcodsHuZ7oL",
      "version": "latest",
      "dependencies": {
        "7nJ7UcFmq9UzB6eXfC5z4a": "0.31.0",
        "58GpZjZCWTaJ8AUhpCwt2K": "3.28.0",
        "ohDidvG9XsCeFumugENU3J": "6.29.0",
        "caTPwKxj5ZrD9LQ7DMdK4Z": "3.40.0",
        "84wxoth5npGrp6RRXPL88z": "4.30.0",
        "jkU633o1Cz7HrJdwdxhVHk": "16.13.0"
      },
      "lang": "js",
      "fileLocks": [
        {
          "type": "globalVariant",
          "assetId": "PcuqpuXKF7v2",
          "checksum": "6f4315b936ae8e308501665203752c99"
        },
        {
          "assetId": "4dvBXLce6aZWcodsHuZ7oL",
          "checksum": "1d4d389cda8d4ceee7750da62c344586",
          "type": "globalContexts"
        },
        {
          "type": "renderModule",
          "assetId": "hWA73xpE070V",
          "checksum": "1c538747a86b14e5914bc0cc253c08e6"
        },
        {
          "type": "cssRules",
          "assetId": "hWA73xpE070V",
          "checksum": "1c538747a86b14e5914bc0cc253c08e6"
        },
        {
          "type": "renderModule",
          "assetId": "EPGJPtXx-yjL",
          "checksum": "b760e99da6f98f1135d8194ca03e2726"
        },
        {
          "type": "cssRules",
          "assetId": "EPGJPtXx-yjL",
          "checksum": "b760e99da6f98f1135d8194ca03e2726"
        },
        {
          "type": "renderModule",
          "assetId": "2QQ_ah7Pcmad",
          "checksum": "92788b2e359aca3de62880cb62a2ce57"
        },
        {
          "type": "cssRules",
          "assetId": "2QQ_ah7Pcmad",
          "checksum": "92788b2e359aca3de62880cb62a2ce57"
        },
        {
          "type": "renderModule",
          "assetId": "gPE0fa_Hm6Wn",
          "checksum": "cec736708de8c94c0095d12a7ac4f664"
        },
        {
          "type": "cssRules",
          "assetId": "gPE0fa_Hm6Wn",
          "checksum": "cec736708de8c94c0095d12a7ac4f664"
        },
        {
          "type": "renderModule",
          "assetId": "d77sIRMlxQMG",
          "checksum": "2a9ad75dfacaf54e4ef2cbc37e0c0453"
        },
        {
          "type": "cssRules",
          "assetId": "d77sIRMlxQMG",
          "checksum": "2a9ad75dfacaf54e4ef2cbc37e0c0453"
        },
        {
          "type": "renderModule",
          "assetId": "FXocl_OYx5HY",
          "checksum": "7f8e7b6d6e19a010c496ec8b0ce3282d"
        },
        {
          "type": "cssRules",
          "assetId": "FXocl_OYx5HY",
          "checksum": "7f8e7b6d6e19a010c496ec8b0ce3282d"
        },
        {
          "type": "renderModule",
          "assetId": "lMG1kVVdP4CO",
          "checksum": "057b5b8a9fc1d80a9e6c68462c4384a2"
        },
        {
          "type": "cssRules",
          "assetId": "lMG1kVVdP4CO",
          "checksum": "057b5b8a9fc1d80a9e6c68462c4384a2"
        },
        {
          "type": "renderModule",
          "assetId": "FKV3u0E4hZrB",
          "checksum": "6061143237f333c6a94fd450d63bf8cf"
        },
        {
          "type": "cssRules",
          "assetId": "FKV3u0E4hZrB",
          "checksum": "6061143237f333c6a94fd450d63bf8cf"
        },
        {
          "type": "renderModule",
          "assetId": "72oO6fex1I6h",
          "checksum": "8d7e7925b2decf22b6e03ddd1988a714"
        },
        {
          "type": "cssRules",
          "assetId": "72oO6fex1I6h",
          "checksum": "8d7e7925b2decf22b6e03ddd1988a714"
        },
        {
          "type": "renderModule",
          "assetId": "_dY2l0GMnX_I",
          "checksum": "5c6f686d40737ca90be6e6a5723c9397"
        },
        {
          "type": "cssRules",
          "assetId": "_dY2l0GMnX_I",
          "checksum": "5c6f686d40737ca90be6e6a5723c9397"
        },
        {
          "type": "renderModule",
          "assetId": "nvHlc0ztf3Mh",
          "checksum": "ee8fdb9c1d42e6be8288cba7839d1546"
        },
        {
          "type": "cssRules",
          "assetId": "nvHlc0ztf3Mh",
          "checksum": "ee8fdb9c1d42e6be8288cba7839d1546"
        },
        {
          "type": "icon",
          "assetId": "reN7qi7eBogy",
          "checksum": "35789c9e53bd1e64001438a68da95ffb"
        },
        {
          "type": "icon",
          "assetId": "IYnmkRggg6dZ",
          "checksum": "756030a0c696d886ff8c7dfc6aa94c15"
        },
        {
          "type": "icon",
          "assetId": "yQSNegzl0PI8",
          "checksum": "1746b723e0cd9649bf3d7142c95e3813"
        },
        {
          "type": "icon",
          "assetId": "aUU8zeXIq7cb",
          "checksum": "c8969da97c17f6691515c6a1c346b810"
        },
        {
          "type": "icon",
          "assetId": "mKGR2y6C-BPn",
          "checksum": "bbbc99f2b77f670260f8d3ff189dfc72"
        },
        {
          "type": "icon",
          "assetId": "OyhmvOnfQPDg",
          "checksum": "4c4e6d9d9fa11c2dc89487636caf25d3"
        },
        {
          "type": "icon",
          "assetId": "_QEtmPhoOsTS",
          "checksum": "74b918eb4feafe20e5697fbc045a0dfd"
        },
        {
          "type": "icon",
          "assetId": "znkLKo-2MSCa",
          "checksum": "5a65651f50f55fe77423327a68870809"
        },
        {
          "type": "icon",
          "assetId": "aiBpFCvmY3HR",
          "checksum": "4ecb0dbcd767adc2a98a1bfbc125f30c"
        },
        {
          "type": "icon",
          "assetId": "xrZTz0AhIy6Q",
          "checksum": "3922cb15b7ada81a5d0fd674d2d6751d"
        },
        {
          "type": "icon",
          "assetId": "2T-kHk2f9F7N",
          "checksum": "50e6b4f992b49140016201d846531ef4"
        },
        {
          "type": "icon",
          "assetId": "cLrQMAMaTgbx",
          "checksum": "3417d5726102270f26b2504f452be1e2"
        },
        {
          "type": "icon",
          "assetId": "Mkj_VQr3UMBA",
          "checksum": "16a764a487052629f9c5548f8c6319b4"
        },
        {
          "type": "icon",
          "assetId": "7ocR5bm0lXth",
          "checksum": "6bd33195c08d4c82fd3ba9bfaa1b22f4"
        },
        {
          "type": "icon",
          "assetId": "5cgBXFMgBsap",
          "checksum": "1bf364f067b841fc4deaf34ae944218f"
        },
        {
          "type": "icon",
          "assetId": "PiVCpCSktdsp",
          "checksum": "962f6f58dc1139d7cc1ece663a176609"
        },
        {
          "type": "icon",
          "assetId": "V5k8BdN0TTXg",
          "checksum": "7f73657687a06532a8ccb40903ac2037"
        },
        {
          "type": "icon",
          "assetId": "0dEJY2BTipgt",
          "checksum": "d0f03a85609d6926baf0d73c41074c56"
        },
        {
          "type": "icon",
          "assetId": "qMDIgvomGZUQ",
          "checksum": "f77cbc1fe49177f7a0043944d6fc80c7"
        },
        {
          "type": "icon",
          "assetId": "w_e-agpserx0",
          "checksum": "a7adddebe62f810ac9a170d736129cd5"
        },
        {
          "type": "icon",
          "assetId": "nXGJ3LXWkDJF",
          "checksum": "f5b8a8b06c5fb27e00756be8e4565065"
        },
        {
          "type": "icon",
          "assetId": "pBM8BehlfMXB",
          "checksum": "9584ec40650674144b7188fa99fe8a0b"
        },
        {
          "type": "icon",
          "assetId": "TNLtndlNzqBB",
          "checksum": "7588ea6fdb1fca28e9d191c06008dc28"
        },
        {
          "type": "icon",
          "assetId": "Tn2dV-qBBqK2",
          "checksum": "d9bc94601376f7c12557003a72f8c7b0"
        },
        {
          "type": "icon",
          "assetId": "fmaY4QhZg5TJ",
          "checksum": "474371b5348d1f573793d586953db411"
        },
        {
          "type": "icon",
          "assetId": "EDHolNKKEZHH",
          "checksum": "7aa78ac2e7aaedfcfc2928fb81f56f7a"
        },
        {
          "type": "icon",
          "assetId": "rTU1ofXG3rOo",
          "checksum": "40c2fb8e98412a052be3d4c4c4498a34"
        },
        {
          "type": "icon",
          "assetId": "41HFlOokdKEy",
          "checksum": "729d44dc60ae9f3eb05052b73ee9a5f5"
        },
        {
          "type": "icon",
          "assetId": "KptWiicb2ZT4",
          "checksum": "45aeffe51db0fb4f1b2d97ffb9289a48"
        },
        {
          "type": "icon",
          "assetId": "sPkJlMM6oHky",
          "checksum": "5eec62ceaa1e4d69199a2ddd296b0b40"
        },
        {
          "type": "icon",
          "assetId": "KiaI6AQ43_JT",
          "checksum": "a035771721a97a238f2186512eb122e9"
        },
        {
          "type": "icon",
          "assetId": "MEPu3GUdAj_o",
          "checksum": "4b91f24ec9e53d1f565da3f1649dad6b"
        },
        {
          "type": "icon",
          "assetId": "8RuBVoVjOOmD",
          "checksum": "ef4cbce15052db43b4ae074ff68df491"
        },
        {
          "type": "icon",
          "assetId": "FXmp4GHbale8",
          "checksum": "46577cec9d7d2bd6a632be6fa373b62a"
        },
        {
          "type": "icon",
          "assetId": "lzhvU4VKA1vj",
          "checksum": "686194dc0d3e77bf30f9a58a247bf95f"
        },
        {
          "type": "icon",
          "assetId": "kTIJk4oQH_4i",
          "checksum": "98cefcef9f5376c892ec077b75603b64"
        },
        {
          "type": "icon",
          "assetId": "pPVNZjSA1lJo",
          "checksum": "487aef9a5968b01508338dfcd31b2726"
        },
        {
          "type": "icon",
          "assetId": "X2e01B-uxA5q",
          "checksum": "499af7ba146d15937f97008cb4c10a2a"
        },
        {
          "type": "icon",
          "assetId": "u01fzfpIt-If",
          "checksum": "8ebc9fa2775baa5c25d219e9339ee14a"
        },
        {
          "type": "icon",
          "assetId": "Mc_9muYwZBjF",
          "checksum": "0712d3da8db097bbb8976118a840ad22"
        },
        {
          "type": "icon",
          "assetId": "tNOpxgQccGat",
          "checksum": "526199785e19d668b9d945f76e8ea953"
        },
        {
          "type": "icon",
          "assetId": "POYWM6UK-zca",
          "checksum": "87c43c1c0434f35165b7faaa9c97e064"
        },
        {
          "type": "icon",
          "assetId": "nK6pvnnbOK1R",
          "checksum": "ef7f8ec4c75b3a586a5981edac0826d4"
        },
        {
          "type": "icon",
          "assetId": "rIruQm-TzSjY",
          "checksum": "5f411f5b2747c0b08743645b50fd6258"
        },
        {
          "type": "icon",
          "assetId": "7F9kOAGDStmH",
          "checksum": "21884b6786ae6d115a3189ebf4a65d3a"
        },
        {
          "type": "icon",
          "assetId": "GGjxGWSc9SjB",
          "checksum": "87f78df0a30d6a55ff8f012c4301af2b"
        },
        {
          "type": "icon",
          "assetId": "ZvAp8lmOYdy4",
          "checksum": "95fb94050e953493659ceeb9aed7109c"
        },
        {
          "type": "icon",
          "assetId": "TyBRaZiGlauo",
          "checksum": "7f28c948a9a37ca38a399f9003b44669"
        },
        {
          "type": "icon",
          "assetId": "Sp76hJMCU4CF",
          "checksum": "c4a77ba41ab472a1a29f6e671c6e29fa"
        },
        {
          "type": "icon",
          "assetId": "v1mcrSsX0Dl9",
          "checksum": "91188cd414b20952a879949b07fef327"
        },
        {
          "type": "icon",
          "assetId": "d5pz69rrBj3o",
          "checksum": "fa6d875d0565132616c2a04199e7a201"
        },
        {
          "type": "icon",
          "assetId": "KH57KApp2tIC",
          "checksum": "8487330f25c896691c2d6549d5080122"
        },
        {
          "type": "image",
          "assetId": "M1f93dGWmuXe",
          "checksum": "cc02370ab19c7a99b349856b4c4d78d4"
        },
        {
          "type": "image",
          "assetId": "BoSma8fxbw-r",
          "checksum": "ad3e83ff9720357b5a1fecc1eeda6a01"
        },
        {
          "type": "image",
          "assetId": "5oiRHG9JbS-S",
          "checksum": "88c5f408aef741eb5688dd575c24cf9d"
        },
        {
          "type": "image",
          "assetId": "Ma9ikFrqTZxl",
          "checksum": "2b8c32cb5116453a4d5851ba683c0fc7"
        },
        {
          "type": "image",
          "assetId": "lZsTzIa17Jdq",
          "checksum": "eac692d30eb35b7edf67ea9e11108237"
        },
        {
          "type": "image",
          "assetId": "z54Hb9KYdnkv",
          "checksum": "f695775046a30e29aafca64c950460bb"
        },
        {
          "type": "image",
          "assetId": "E3P74CfSQNTJ",
          "checksum": "dd22870f5511b094ac678ceac1233281"
        },
        {
          "type": "image",
          "assetId": "WQrf0z8ws5ok",
          "checksum": "42e051fd5d645cbd6758ec1e011a9f41"
        },
        {
          "type": "image",
          "assetId": "R4q1a-WTCNoN",
          "checksum": "4414982d041cb3f5a11c0a94e3fc74bb"
        },
        {
          "type": "image",
          "assetId": "75vlzRXNeiX1",
          "checksum": "90545778ef018183aef2f99e25d298ee"
        },
        {
          "type": "image",
          "assetId": "NjXij8TZiT91",
          "checksum": "3ce503fec2407c6790cb7f44f3325313"
        },
        {
          "type": "image",
          "assetId": "trRtJEQ9KF76",
          "checksum": "582cdfdd198c91b001635af1d932d4a2"
        },
        {
          "type": "image",
          "assetId": "KIvjcluUQih_",
          "checksum": "064fd5a59cf783d9af45cb92ed443f08"
        },
        {
          "type": "image",
          "assetId": "N7YGNitJBSQZ",
          "checksum": "ba66578e8f59589acac90ce69b01936b"
        },
        {
          "type": "image",
          "assetId": "WK9a4xRcxLzH",
          "checksum": "b551cd8cfea74f149a5fefdc507c517d"
        },
        {
          "type": "image",
          "assetId": "GQfWYOW0U8ea",
          "checksum": "c27b32d06574eb94b69e4ceec6302251"
        },
        {
          "type": "image",
          "assetId": "vkt8PHtuZ3zn",
          "checksum": "70132082cc255963b9d4d7c366088a93"
        },
        {
          "type": "image",
          "assetId": "bz5ZY6UsiSJ1",
          "checksum": "a71b950778dda4ecee075ca1fb1cede4"
        },
        {
          "type": "image",
          "assetId": "kIhqlb50UISz",
          "checksum": "02b9e307b1dc0b2e05db42fb9e508dbf"
        },
        {
          "type": "image",
          "assetId": "kiG7MNMZxslE",
          "checksum": "eabe957c6b2c4f86cbb88b23f7132a7d"
        },
        {
          "type": "image",
          "assetId": "1SrEPzYLSWlu",
          "checksum": "c1228cfb687ffe4610eb8649f7f531b8"
        },
        {
          "type": "image",
          "assetId": "CvZi2OWIplE8",
          "checksum": "a62a7386dc36c2d8c0902e69423ee2cb"
        },
        {
          "type": "image",
          "assetId": "uFNmPELZHpjf",
          "checksum": "3d9d8e9b60f62815d3e33aee8261f8e0"
        },
        {
          "type": "image",
          "assetId": "WkGj6LoYIr-x",
          "checksum": "647fd520a28d0b3d0b03ba5a365eda9a"
        },
        {
          "type": "image",
          "assetId": "3JIjXrx_Yd6V",
          "checksum": "3343a9632a32b285e0115ebbb6741b3a"
        },
        {
          "type": "image",
          "assetId": "NQ03cxOWGz7e",
          "checksum": "2e75ce58bf9697499fec2fc04e242e92"
        },
        {
          "type": "image",
          "assetId": "LMyoeEwvuFa1",
          "checksum": "43c9d7f6c8100f09fc12213721df0807"
        },
        {
          "type": "image",
          "assetId": "xOHP7LJ9Zl5P",
          "checksum": "ff49bddafa82269b56f1422374a92ebf"
        },
        {
          "type": "image",
          "assetId": "s7865ZwXNtFA",
          "checksum": "5a322f3dcf239e83872bf4a63ecabdc4"
        },
        {
          "type": "renderModule",
          "assetId": "X6F2UQJmqAhS",
          "checksum": "3c1ccc97762a7779aa812ed2c3978a12"
        },
        {
          "type": "cssRules",
          "assetId": "X6F2UQJmqAhS",
          "checksum": "3c1ccc97762a7779aa812ed2c3978a12"
        },
        {
          "type": "renderModule",
          "assetId": "dfiZXaS0blw8",
          "checksum": "c1d3dc38242a13d9223daf5dfbe97110"
        },
        {
          "type": "cssRules",
          "assetId": "dfiZXaS0blw8",
          "checksum": "c1d3dc38242a13d9223daf5dfbe97110"
        },
        {
          "type": "icon",
          "assetId": "0QRopc9MPjUd",
          "checksum": "105d91efd595b9bc8197f849f9330816"
        },
        {
          "type": "icon",
          "assetId": "S0IbNKyNuVm7",
          "checksum": "506c4ff8932d7c8f0625fbc69b862c6c"
        },
        {
          "type": "renderModule",
          "assetId": "Raiilk_IHPvW",
          "checksum": "73b82f4147737cca0f71b64dfc88710d"
        },
        {
          "type": "cssRules",
          "assetId": "Raiilk_IHPvW",
          "checksum": "73b82f4147737cca0f71b64dfc88710d"
        },
        {
          "type": "renderModule",
          "assetId": "GPPFyGZ_p6O7",
          "checksum": "fb010f05e3fcf9b8fcaca1301a16fd2e"
        },
        {
          "type": "cssRules",
          "assetId": "GPPFyGZ_p6O7",
          "checksum": "fb010f05e3fcf9b8fcaca1301a16fd2e"
        },
        {
          "type": "icon",
          "assetId": "LiXFu_pZNIFT",
          "checksum": "5c246024e80c5beeffe0e2d950fff0af"
        },
        {
          "type": "image",
          "assetId": "cPRUo6uw3iSp",
          "checksum": "e3e9ada48af40e99ebdf5b4e75174c99"
        },
        {
          "type": "image",
          "assetId": "JXHGy6LxLNgk",
          "checksum": "e102437b1f221f9b74cf176bb21cda6c"
        },
        {
          "type": "image",
          "assetId": "7gkPUC5X5zzv",
          "checksum": "59f03e4dcc8c36f329600463e0cd7f05"
        },
        {
          "type": "image",
          "assetId": "BUjvAdQ6kLAX",
          "checksum": "64a9bfe91503b0096f316ebb007825a9"
        },
        {
          "type": "icon",
          "assetId": "RLn9ghJZwOuN",
          "checksum": "3d6133bd28ddd14baa2e45410ba3fe73"
        },
        {
          "type": "icon",
          "assetId": "7lKRcnkFyzNM",
          "checksum": "bf79d4e76731644c4ab2f19f71ddd063"
        },
        {
          "type": "icon",
          "assetId": "mFSPBP5vLOoj",
          "checksum": "2f4490532fb2ab4051aa34f1209f4eaf"
        },
        {
          "type": "icon",
          "assetId": "58H3GuGJznsE",
          "checksum": "7cb45f32c4c5221623c9060f3ccc4622"
        },
        {
          "type": "image",
          "assetId": "yz4NB8cZ1un3",
          "checksum": "75af03b565b919c912b88207ce4ce41a"
        },
        {
          "type": "image",
          "assetId": "Z1zEOYvd6lS_",
          "checksum": "0ab991d7bf7ecb7bb6708619f3c51960"
        },
        {
          "type": "image",
          "assetId": "ASTzGlF7JJTY",
          "checksum": "9cc8a7713eba5055b49638d2c065c0e4"
        },
        {
          "type": "image",
          "assetId": "9DT3TqHNLVNv",
          "checksum": "0cac8060ee5eb66a44bafc6d4b043a5f"
        },
        {
          "type": "image",
          "assetId": "fSGILeQ_cMMz",
          "checksum": "cf612bdf2266c1f2d301333631b22954"
        },
        {
          "type": "image",
          "assetId": "i-jydB3ObePf",
          "checksum": "794a552aa5475924ffede79c24524b81"
        },
        {
          "type": "image",
          "assetId": "nyHTjCzQ6HHC",
          "checksum": "5ba5560b6d3fdcd6a9314bd8d701ea8d"
        },
        {
          "type": "image",
          "assetId": "kC_iSDsVaRbX",
          "checksum": "bbc0839a3da7922628dde9d625cfdfb7"
        },
        {
          "type": "image",
          "assetId": "j9N0k2D0ZiSj",
          "checksum": "8a2fcc0245791a7425775447510e0ab9"
        },
        {
          "type": "image",
          "assetId": "bP_LJxK4-vwH",
          "checksum": "cf425bfc323d1deb512bcb91a990ec57"
        },
        {
          "type": "image",
          "assetId": "tQqH8ik7AnZW",
          "checksum": "ca4d1c2de879fd088deb707fe1b8539f"
        },
        {
          "type": "image",
          "assetId": "UkSuRrDI-VK2",
          "checksum": "9ce10330b753ab9ece4f4c69b478a483"
        },
        {
          "type": "image",
          "assetId": "7RX2-rlmS1Hb",
          "checksum": "9f913c9eb5b2ac574a5966a33d7a7516"
        },
        {
          "type": "image",
          "assetId": "PjpCZg3cPebF",
          "checksum": "688fcae68e0045a0b5f535e393364e59"
        },
        {
          "type": "image",
          "assetId": "9laZc_0pgJ4l",
          "checksum": "3ae0c05907e62e05c3ee85256dd89798"
        },
        {
          "type": "image",
          "assetId": "nSN2MQyWg_LH",
          "checksum": "a7cbf321bcde262abc1bd2a0b20cc02e"
        },
        {
          "type": "image",
          "assetId": "iy4EoC896c_K",
          "checksum": "a397049114cc404f720f0213f56e1309"
        },
        {
          "type": "image",
          "assetId": "2wMlSYU5EhVn",
          "checksum": "d51b47ad0ee7bbac12f4b84bfa8bec45"
        },
        {
          "assetId": "4dvBXLce6aZWcodsHuZ7oL",
          "type": "projectCss",
          "checksum": "681d47e91b507d3b449d277e09f34729"
        }
      ],
      "codegenVersion": "0.0.1"
    },
    {
      "projectId": "jkU633o1Cz7HrJdwdxhVHk",
      "version": "16.13.0",
      "dependencies": {},
      "lang": "js",
      "fileLocks": [
        {
          "assetId": "jkU633o1Cz7HrJdwdxhVHk",
          "type": "projectCss",
          "checksum": "cf57d229ecea50678d9d8d3bc0e3dd9b"
        }
      ],
      "codegenVersion": "0.0.1"
    }
  ],
  "cliVersion": "0.1.330"
}
