{
  "projects": [
    {
      "projectId": "84wxoth5npGrp6RRXPL88z",
      "version": "4.27.0",
      "dependencies": {},
      "lang": "js",
      "fileLocks": [
        {
          "assetId": "84wxoth5npGrp6RRXPL88z",
          "type": "projectCss",
          "checksum": "d951314833b1846f4b7c384128792976"
        },
        {
          "assetId": "84wxoth5npGrp6RRXPL88z",
          "checksum": "14e34fc8ee04382a88f671116234a1e3",
          "type": "globalContexts"
        }
      ],
      "codegenVersion": "0.0.1"
    },
    {
      "projectId": "caTPwKxj5ZrD9LQ7DMdK4Z",
      "version": "3.36.0",
      "dependencies": {},
      "lang": "js",
      "fileLocks": [
        {
          "assetId": "caTPwKxj5ZrD9LQ7DMdK4Z",
          "type": "projectCss",
          "checksum": "e1ec850476829c38b0f9b6d4f7ac446a"
        }
      ],
      "codegenVersion": "0.0.1"
    },
    {
      "projectId": "ohDidvG9XsCeFumugENU3J",
      "version": "6.24.0",
      "dependencies": {},
      "lang": "js",
      "fileLocks": [
        {
          "assetId": "ohDidvG9XsCeFumugENU3J",
          "type": "projectCss",
          "checksum": "fd83b730367fdbde2c69bc6cf31c2a3c"
        },
        {
          "assetId": "ohDidvG9XsCeFumugENU3J",
          "checksum": "de0a0e65174a6a185a8f822af51c6bdd",
          "type": "globalContexts"
        }
      ],
      "codegenVersion": "0.0.1"
    },
    {
      "projectId": "58GpZjZCWTaJ8AUhpCwt2K",
      "version": "3.25.0",
      "dependencies": {},
      "lang": "js",
      "fileLocks": [
        {
          "assetId": "58GpZjZCWTaJ8AUhpCwt2K",
          "type": "projectCss",
          "checksum": "fd84921cc10936e6ceb458c2ae01c4bd"
        }
      ],
      "codegenVersion": "0.0.1"
    },
    {
      "projectId": "7nJ7UcFmq9UzB6eXfC5z4a",
      "version": "0.28.0",
      "dependencies": {},
      "lang": "js",
      "fileLocks": [
        {
          "assetId": "7nJ7UcFmq9UzB6eXfC5z4a",
          "type": "projectCss",
          "checksum": "05587b57f22f0ec8bb54543deb39762e"
        }
      ],
      "codegenVersion": "0.0.1"
    },
    {
      "projectId": "4dvBXLce6aZWcodsHuZ7oL",
      "version": "latest",
      "dependencies": {
        "7nJ7UcFmq9UzB6eXfC5z4a": "0.28.0",
        "58GpZjZCWTaJ8AUhpCwt2K": "3.25.0",
        "ohDidvG9XsCeFumugENU3J": "6.24.0",
        "caTPwKxj5ZrD9LQ7DMdK4Z": "3.36.0",
        "84wxoth5npGrp6RRXPL88z": "4.27.0",
        "jkU633o1Cz7HrJdwdxhVHk": "16.10.0"
      },
      "lang": "js",
      "fileLocks": [
        {
          "type": "globalVariant",
          "assetId": "PcuqpuXKF7v2",
          "checksum": "6f4315b936ae8e308501665203752c99"
        },
        {
          "assetId": "4dvBXLce6aZWcodsHuZ7oL",
          "checksum": "1d4d389cda8d4ceee7750da62c344586",
          "type": "globalContexts"
        },
        {
          "type": "renderModule",
          "assetId": "hWA73xpE070V",
          "checksum": "03ddb1cdd404f3b4ebe03646e6906103"
        },
        {
          "type": "cssRules",
          "assetId": "hWA73xpE070V",
          "checksum": "03ddb1cdd404f3b4ebe03646e6906103"
        },
        {
          "type": "renderModule",
          "assetId": "EPGJPtXx-yjL",
          "checksum": "041e39198064c6fec8a4dfaaac5e243e"
        },
        {
          "type": "cssRules",
          "assetId": "EPGJPtXx-yjL",
          "checksum": "041e39198064c6fec8a4dfaaac5e243e"
        },
        {
          "type": "renderModule",
          "assetId": "2QQ_ah7Pcmad",
          "checksum": "54ad09591431c62de55d2e4656a5ee8e"
        },
        {
          "type": "cssRules",
          "assetId": "2QQ_ah7Pcmad",
          "checksum": "54ad09591431c62de55d2e4656a5ee8e"
        },
        {
          "type": "renderModule",
          "assetId": "gPE0fa_Hm6Wn",
          "checksum": "813d6a667107a967fe3782f2c5df8827"
        },
        {
          "type": "cssRules",
          "assetId": "gPE0fa_Hm6Wn",
          "checksum": "813d6a667107a967fe3782f2c5df8827"
        },
        {
          "type": "renderModule",
          "assetId": "d77sIRMlxQMG",
          "checksum": "5ae7b3ec6e2e0efb461f348ed16b7011"
        },
        {
          "type": "cssRules",
          "assetId": "d77sIRMlxQMG",
          "checksum": "5ae7b3ec6e2e0efb461f348ed16b7011"
        },
        {
          "type": "renderModule",
          "assetId": "FXocl_OYx5HY",
          "checksum": "7cb1249183cee8ec8019c16f9a5194ee"
        },
        {
          "type": "cssRules",
          "assetId": "FXocl_OYx5HY",
          "checksum": "7cb1249183cee8ec8019c16f9a5194ee"
        },
        {
          "type": "renderModule",
          "assetId": "lMG1kVVdP4CO",
          "checksum": "2cdbec75c66b1921c3e9a230ad3b24cd"
        },
        {
          "type": "cssRules",
          "assetId": "lMG1kVVdP4CO",
          "checksum": "2cdbec75c66b1921c3e9a230ad3b24cd"
        },
        {
          "type": "renderModule",
          "assetId": "FKV3u0E4hZrB",
          "checksum": "cfc8836fa64e15122baa15b3d5a9444c"
        },
        {
          "type": "cssRules",
          "assetId": "FKV3u0E4hZrB",
          "checksum": "cfc8836fa64e15122baa15b3d5a9444c"
        },
        {
          "type": "renderModule",
          "assetId": "72oO6fex1I6h",
          "checksum": "b2f2e9b6e97b200a1a0f7a72d11c3744"
        },
        {
          "type": "cssRules",
          "assetId": "72oO6fex1I6h",
          "checksum": "b2f2e9b6e97b200a1a0f7a72d11c3744"
        },
        {
          "type": "renderModule",
          "assetId": "_dY2l0GMnX_I",
          "checksum": "0ab4e1c41f32911ea5605bf0d0782f02"
        },
        {
          "type": "cssRules",
          "assetId": "_dY2l0GMnX_I",
          "checksum": "0ab4e1c41f32911ea5605bf0d0782f02"
        },
        {
          "type": "renderModule",
          "assetId": "nvHlc0ztf3Mh",
          "checksum": "d377f3ae26a279e3b268de2f733e4de8"
        },
        {
          "type": "cssRules",
          "assetId": "nvHlc0ztf3Mh",
          "checksum": "d377f3ae26a279e3b268de2f733e4de8"
        },
        {
          "type": "icon",
          "assetId": "reN7qi7eBogy",
          "checksum": "d7df428310ad9391ec63c4a6e9f6e6a6"
        },
        {
          "type": "icon",
          "assetId": "F3iOqCFKuA-k",
          "checksum": "4623ba87fb611adc4fe54d45b4d8d176"
        },
        {
          "type": "icon",
          "assetId": "IYnmkRggg6dZ",
          "checksum": "e47cba0c047824fa83799120f75e3462"
        },
        {
          "type": "icon",
          "assetId": "yQSNegzl0PI8",
          "checksum": "68edfe4fb4e65265a477be3b9aeaaad0"
        },
        {
          "type": "icon",
          "assetId": "aUU8zeXIq7cb",
          "checksum": "be0802aa2629056a7f5f28dc6139ed3e"
        },
        {
          "type": "icon",
          "assetId": "mKGR2y6C-BPn",
          "checksum": "f92713bcecc15baeb5f61291c4657109"
        },
        {
          "type": "icon",
          "assetId": "OyhmvOnfQPDg",
          "checksum": "4c4e6d9d9fa11c2dc89487636caf25d3"
        },
        {
          "type": "icon",
          "assetId": "_QEtmPhoOsTS",
          "checksum": "74b918eb4feafe20e5697fbc045a0dfd"
        },
        {
          "type": "icon",
          "assetId": "znkLKo-2MSCa",
          "checksum": "5a65651f50f55fe77423327a68870809"
        },
        {
          "type": "icon",
          "assetId": "aiBpFCvmY3HR",
          "checksum": "4ecb0dbcd767adc2a98a1bfbc125f30c"
        },
        {
          "type": "icon",
          "assetId": "xrZTz0AhIy6Q",
          "checksum": "3922cb15b7ada81a5d0fd674d2d6751d"
        },
        {
          "type": "icon",
          "assetId": "2T-kHk2f9F7N",
          "checksum": "50e6b4f992b49140016201d846531ef4"
        },
        {
          "type": "icon",
          "assetId": "cLrQMAMaTgbx",
          "checksum": "3417d5726102270f26b2504f452be1e2"
        },
        {
          "type": "icon",
          "assetId": "Mkj_VQr3UMBA",
          "checksum": "16a764a487052629f9c5548f8c6319b4"
        },
        {
          "type": "icon",
          "assetId": "7ocR5bm0lXth",
          "checksum": "6bd33195c08d4c82fd3ba9bfaa1b22f4"
        },
        {
          "type": "icon",
          "assetId": "5cgBXFMgBsap",
          "checksum": "1bf364f067b841fc4deaf34ae944218f"
        },
        {
          "type": "icon",
          "assetId": "PiVCpCSktdsp",
          "checksum": "962f6f58dc1139d7cc1ece663a176609"
        },
        {
          "type": "icon",
          "assetId": "V5k8BdN0TTXg",
          "checksum": "7f73657687a06532a8ccb40903ac2037"
        },
        {
          "type": "icon",
          "assetId": "0dEJY2BTipgt",
          "checksum": "d0f03a85609d6926baf0d73c41074c56"
        },
        {
          "type": "icon",
          "assetId": "qMDIgvomGZUQ",
          "checksum": "e49a78a804d37c2b60a857a0d05d01cd"
        },
        {
          "type": "icon",
          "assetId": "w_e-agpserx0",
          "checksum": "a7adddebe62f810ac9a170d736129cd5"
        },
        {
          "type": "icon",
          "assetId": "nXGJ3LXWkDJF",
          "checksum": "f5b8a8b06c5fb27e00756be8e4565065"
        },
        {
          "type": "icon",
          "assetId": "pBM8BehlfMXB",
          "checksum": "9584ec40650674144b7188fa99fe8a0b"
        },
        {
          "type": "icon",
          "assetId": "TNLtndlNzqBB",
          "checksum": "7588ea6fdb1fca28e9d191c06008dc28"
        },
        {
          "type": "icon",
          "assetId": "Tn2dV-qBBqK2",
          "checksum": "d9bc94601376f7c12557003a72f8c7b0"
        },
        {
          "type": "icon",
          "assetId": "fmaY4QhZg5TJ",
          "checksum": "474371b5348d1f573793d586953db411"
        },
        {
          "type": "icon",
          "assetId": "EDHolNKKEZHH",
          "checksum": "7aa78ac2e7aaedfcfc2928fb81f56f7a"
        },
        {
          "type": "icon",
          "assetId": "rTU1ofXG3rOo",
          "checksum": "40c2fb8e98412a052be3d4c4c4498a34"
        },
        {
          "type": "icon",
          "assetId": "41HFlOokdKEy",
          "checksum": "729d44dc60ae9f3eb05052b73ee9a5f5"
        },
        {
          "type": "icon",
          "assetId": "KptWiicb2ZT4",
          "checksum": "45aeffe51db0fb4f1b2d97ffb9289a48"
        },
        {
          "type": "icon",
          "assetId": "sPkJlMM6oHky",
          "checksum": "5f211b453ec7bce1bf742bfe98a74b9f"
        },
        {
          "type": "icon",
          "assetId": "KiaI6AQ43_JT",
          "checksum": "a035771721a97a238f2186512eb122e9"
        },
        {
          "type": "icon",
          "assetId": "MEPu3GUdAj_o",
          "checksum": "4b91f24ec9e53d1f565da3f1649dad6b"
        },
        {
          "type": "icon",
          "assetId": "8RuBVoVjOOmD",
          "checksum": "ef4cbce15052db43b4ae074ff68df491"
        },
        {
          "type": "icon",
          "assetId": "FXmp4GHbale8",
          "checksum": "46577cec9d7d2bd6a632be6fa373b62a"
        },
        {
          "type": "icon",
          "assetId": "lzhvU4VKA1vj",
          "checksum": "686194dc0d3e77bf30f9a58a247bf95f"
        },
        {
          "type": "icon",
          "assetId": "kTIJk4oQH_4i",
          "checksum": "98cefcef9f5376c892ec077b75603b64"
        },
        {
          "type": "icon",
          "assetId": "pPVNZjSA1lJo",
          "checksum": "9dbbdc15d70022f6173cd95dae085cff"
        },
        {
          "type": "icon",
          "assetId": "X2e01B-uxA5q",
          "checksum": "0a00a02495aec03438d985534d11e863"
        },
        {
          "type": "icon",
          "assetId": "u01fzfpIt-If",
          "checksum": "beca3cd81f51b9f31f9198fd1a2df06a"
        },
        {
          "type": "icon",
          "assetId": "Mc_9muYwZBjF",
          "checksum": "a383ca64a45f27e9692435a05c242dee"
        },
        {
          "type": "icon",
          "assetId": "oA8pUPjqfWPB",
          "checksum": "d6d8e76141a21ea8220ccbcfc0099273"
        },
        {
          "type": "icon",
          "assetId": "QdiqFSZtRJyX",
          "checksum": "b1a67a2ce974138f2ab234988943201d"
        },
        {
          "type": "icon",
          "assetId": "tNOpxgQccGat",
          "checksum": "526199785e19d668b9d945f76e8ea953"
        },
        {
          "type": "icon",
          "assetId": "POYWM6UK-zca",
          "checksum": "87c43c1c0434f35165b7faaa9c97e064"
        },
        {
          "type": "icon",
          "assetId": "nK6pvnnbOK1R",
          "checksum": "ef7f8ec4c75b3a586a5981edac0826d4"
        },
        {
          "type": "icon",
          "assetId": "rIruQm-TzSjY",
          "checksum": "938928903eeff6f997fc3440b3e2274e"
        },
        {
          "type": "icon",
          "assetId": "7F9kOAGDStmH",
          "checksum": "9556e4bd268f6b91e76c18897fa78565"
        },
        {
          "type": "icon",
          "assetId": "GGjxGWSc9SjB",
          "checksum": "e5c828e87650d66c40e17a08844906cd"
        },
        {
          "type": "icon",
          "assetId": "NQIxgI55S_TJ",
          "checksum": "b5ac2051d058be48f12538c18a131c9b"
        },
        {
          "type": "icon",
          "assetId": "buvdmCRySlxv",
          "checksum": "76b1529ca5eb2abfde71e16ab60302d0"
        },
        {
          "type": "icon",
          "assetId": "vz8Up1GDeN9C",
          "checksum": "1ef9a6d2d2e66a2c70816a9566d2da9d"
        },
        {
          "type": "icon",
          "assetId": "AvlJVplI2x17",
          "checksum": "f48e2b1aa384bd4d676aa02cbc348697"
        },
        {
          "type": "icon",
          "assetId": "8C7P_NC_xAYn",
          "checksum": "5783ae41baf6d3c44570ebd7ee025867"
        },
        {
          "type": "icon",
          "assetId": "ZvAp8lmOYdy4",
          "checksum": "95fb94050e953493659ceeb9aed7109c"
        },
        {
          "type": "icon",
          "assetId": "TyBRaZiGlauo",
          "checksum": "7f28c948a9a37ca38a399f9003b44669"
        },
        {
          "type": "icon",
          "assetId": "Sp76hJMCU4CF",
          "checksum": "c4a77ba41ab472a1a29f6e671c6e29fa"
        },
        {
          "type": "icon",
          "assetId": "v1mcrSsX0Dl9",
          "checksum": "3865cd3bdff549f926ab926bf28cb937"
        },
        {
          "type": "icon",
          "assetId": "d5pz69rrBj3o",
          "checksum": "fa6d875d0565132616c2a04199e7a201"
        },
        {
          "type": "icon",
          "assetId": "KH57KApp2tIC",
          "checksum": "60fb7e3ed45a4faf7472655de6fd6109"
        },
        {
          "type": "image",
          "assetId": "M1f93dGWmuXe",
          "checksum": "cc02370ab19c7a99b349856b4c4d78d4"
        },
        {
          "type": "image",
          "assetId": "BoSma8fxbw-r",
          "checksum": "447a4a9e224a1c8c0d54e7fbdf794763"
        },
        {
          "type": "image",
          "assetId": "5oiRHG9JbS-S",
          "checksum": "88c5f408aef741eb5688dd575c24cf9d"
        },
        {
          "type": "image",
          "assetId": "Ma9ikFrqTZxl",
          "checksum": "2b8c32cb5116453a4d5851ba683c0fc7"
        },
        {
          "type": "image",
          "assetId": "lZsTzIa17Jdq",
          "checksum": "eac692d30eb35b7edf67ea9e11108237"
        },
        {
          "type": "image",
          "assetId": "z54Hb9KYdnkv",
          "checksum": "f695775046a30e29aafca64c950460bb"
        },
        {
          "type": "image",
          "assetId": "E3P74CfSQNTJ",
          "checksum": "dd22870f5511b094ac678ceac1233281"
        },
        {
          "type": "image",
          "assetId": "yz4NB8cZ1un3",
          "checksum": "f398a07ddf7cff55f08c9d1e5d8f5021"
        },
        {
          "type": "image",
          "assetId": "Z1zEOYvd6lS_",
          "checksum": "2a23a7081e1a6088300f1caa0e6eab54"
        },
        {
          "type": "image",
          "assetId": "WQrf0z8ws5ok",
          "checksum": "42e051fd5d645cbd6758ec1e011a9f41"
        },
        {
          "type": "image",
          "assetId": "R4q1a-WTCNoN",
          "checksum": "4414982d041cb3f5a11c0a94e3fc74bb"
        },
        {
          "type": "image",
          "assetId": "75vlzRXNeiX1",
          "checksum": "90545778ef018183aef2f99e25d298ee"
        },
        {
          "type": "image",
          "assetId": "NjXij8TZiT91",
          "checksum": "3ce503fec2407c6790cb7f44f3325313"
        },
        {
          "type": "image",
          "assetId": "trRtJEQ9KF76",
          "checksum": "582cdfdd198c91b001635af1d932d4a2"
        },
        {
          "type": "image",
          "assetId": "KIvjcluUQih_",
          "checksum": "064fd5a59cf783d9af45cb92ed443f08"
        },
        {
          "type": "image",
          "assetId": "N7YGNitJBSQZ",
          "checksum": "ba66578e8f59589acac90ce69b01936b"
        },
        {
          "type": "image",
          "assetId": "WK9a4xRcxLzH",
          "checksum": "b551cd8cfea74f149a5fefdc507c517d"
        },
        {
          "type": "image",
          "assetId": "GQfWYOW0U8ea",
          "checksum": "c27b32d06574eb94b69e4ceec6302251"
        },
        {
          "type": "image",
          "assetId": "vkt8PHtuZ3zn",
          "checksum": "70132082cc255963b9d4d7c366088a93"
        },
        {
          "type": "image",
          "assetId": "bz5ZY6UsiSJ1",
          "checksum": "a71b950778dda4ecee075ca1fb1cede4"
        },
        {
          "type": "image",
          "assetId": "kIhqlb50UISz",
          "checksum": "02b9e307b1dc0b2e05db42fb9e508dbf"
        },
        {
          "type": "image",
          "assetId": "kiG7MNMZxslE",
          "checksum": "eabe957c6b2c4f86cbb88b23f7132a7d"
        },
        {
          "type": "image",
          "assetId": "1SrEPzYLSWlu",
          "checksum": "c1228cfb687ffe4610eb8649f7f531b8"
        },
        {
          "type": "image",
          "assetId": "CvZi2OWIplE8",
          "checksum": "a62a7386dc36c2d8c0902e69423ee2cb"
        },
        {
          "type": "image",
          "assetId": "uFNmPELZHpjf",
          "checksum": "3d9d8e9b60f62815d3e33aee8261f8e0"
        },
        {
          "type": "image",
          "assetId": "WkGj6LoYIr-x",
          "checksum": "647fd520a28d0b3d0b03ba5a365eda9a"
        },
        {
          "type": "image",
          "assetId": "3JIjXrx_Yd6V",
          "checksum": "3343a9632a32b285e0115ebbb6741b3a"
        },
        {
          "type": "image",
          "assetId": "NQ03cxOWGz7e",
          "checksum": "2e75ce58bf9697499fec2fc04e242e92"
        },
        {
          "type": "image",
          "assetId": "LMyoeEwvuFa1",
          "checksum": "76912b517c9deac7c415641967430e75"
        },
        {
          "type": "image",
          "assetId": "xOHP7LJ9Zl5P",
          "checksum": "75bff59299814e33f5b4d970c8d23f4f"
        },
        {
          "type": "image",
          "assetId": "9TOtg0w5P6gT",
          "checksum": "9aaa57e322b488298f2c22b83e7378d0"
        },
        {
          "type": "image",
          "assetId": "ASTzGlF7JJTY",
          "checksum": "d28c414dcce6b2b0ce5746953a807691"
        },
        {
          "type": "image",
          "assetId": "9DT3TqHNLVNv",
          "checksum": "ba8047bee1e964b981e53da1b4112db6"
        },
        {
          "type": "image",
          "assetId": "fSGILeQ_cMMz",
          "checksum": "46a5035e55b22d3176d685fec5a245ea"
        },
        {
          "type": "image",
          "assetId": "i-jydB3ObePf",
          "checksum": "d8787024131f12220d53e6396905aec9"
        },
        {
          "type": "image",
          "assetId": "nyHTjCzQ6HHC",
          "checksum": "f43ef7095597cbb3f267016c9b9db3ba"
        },
        {
          "type": "image",
          "assetId": "kC_iSDsVaRbX",
          "checksum": "1b0218d3f04e6353e9858eaf87f24522"
        },
        {
          "type": "image",
          "assetId": "j9N0k2D0ZiSj",
          "checksum": "c6b181f494cd7f0be060406ef63cb21c"
        },
        {
          "type": "image",
          "assetId": "bP_LJxK4-vwH",
          "checksum": "79c3937538e070b07838b7e569e8cbd2"
        },
        {
          "type": "image",
          "assetId": "tQqH8ik7AnZW",
          "checksum": "955132bf79dee55df2b268030fe14fd8"
        },
        {
          "type": "image",
          "assetId": "s7865ZwXNtFA",
          "checksum": "8db9b0f97dce27a057819853ceee72ad"
        },
        {
          "type": "image",
          "assetId": "UkSuRrDI-VK2",
          "checksum": "51a58ae31dbbe8d74c820e6c5daf2b71"
        },
        {
          "type": "image",
          "assetId": "7RX2-rlmS1Hb",
          "checksum": "9a8efb32253ce7150d709d8f76b92945"
        },
        {
          "type": "image",
          "assetId": "PjpCZg3cPebF",
          "checksum": "d607df06a8d74acb2513c56ae5e6d9f9"
        },
        {
          "type": "image",
          "assetId": "9laZc_0pgJ4l",
          "checksum": "9f25780c30d672f9dcdd5e7158023d24"
        },
        {
          "type": "image",
          "assetId": "nSN2MQyWg_LH",
          "checksum": "0f62f77261843e4322a9eb29a086c256"
        },
        {
          "type": "image",
          "assetId": "iy4EoC896c_K",
          "checksum": "aa70125a7cbbcbefcb697feae9a8c69e"
        },
        {
          "type": "renderModule",
          "assetId": "X6F2UQJmqAhS",
          "checksum": "0844fd60b5f20204422ca9c42be54c41"
        },
        {
          "type": "cssRules",
          "assetId": "X6F2UQJmqAhS",
          "checksum": "0844fd60b5f20204422ca9c42be54c41"
        },
        {
          "type": "renderModule",
          "assetId": "dfiZXaS0blw8",
          "checksum": "6d43e4bb6558fca5834277440aa668b9"
        },
        {
          "type": "cssRules",
          "assetId": "dfiZXaS0blw8",
          "checksum": "6d43e4bb6558fca5834277440aa668b9"
        },
        {
          "type": "icon",
          "assetId": "0QRopc9MPjUd",
          "checksum": "9335fdde796ff2afcf1324b3f7ebfcfe"
        },
        {
          "type": "icon",
          "assetId": "S0IbNKyNuVm7",
          "checksum": "8915cc9af856eabc510e484c22345af5"
        },
        {
          "type": "renderModule",
          "assetId": "Raiilk_IHPvW",
          "checksum": "f2006ae1f86bd202ff40b3d9c980fecf"
        },
        {
          "type": "cssRules",
          "assetId": "Raiilk_IHPvW",
          "checksum": "f2006ae1f86bd202ff40b3d9c980fecf"
        },
        {
          "type": "renderModule",
          "assetId": "GPPFyGZ_p6O7",
          "checksum": "4ec5120a5ffcdcf394c3fd72f21f67a4"
        },
        {
          "type": "cssRules",
          "assetId": "GPPFyGZ_p6O7",
          "checksum": "4ec5120a5ffcdcf394c3fd72f21f67a4"
        },
        {
          "type": "icon",
          "assetId": "LiXFu_pZNIFT",
          "checksum": "fb3ccbaab89f71614793c320164221cf"
        },
        {
          "type": "image",
          "assetId": "2wMlSYU5EhVn",
          "checksum": "f193d4e734ceaf5865ff7dbcc94ff872"
        },
        {
          "type": "image",
          "assetId": "cPRUo6uw3iSp",
          "checksum": "cc591db4ae381666ec47af5ed2db563e"
        },
        {
          "type": "image",
          "assetId": "JXHGy6LxLNgk",
          "checksum": "e102437b1f221f9b74cf176bb21cda6c"
        },
        {
          "type": "image",
          "assetId": "M6v13lejWUYq",
          "checksum": "905d7c4212323a9b1685321ebf878b8f"
        },
        {
          "type": "image",
          "assetId": "7gkPUC5X5zzv",
          "checksum": "59f03e4dcc8c36f329600463e0cd7f05"
        },
        {
          "assetId": "4dvBXLce6aZWcodsHuZ7oL",
          "type": "projectCss",
          "checksum": "97bbc04f1556ede30e3bdc60fadf17f2"
        },
        {
          "type": "image",
          "assetId": "BUjvAdQ6kLAX",
          "checksum": "64a9bfe91503b0096f316ebb007825a9"
        }
      ],
      "codegenVersion": "0.0.1"
    },
    {
      "projectId": "jkU633o1Cz7HrJdwdxhVHk",
      "version": "16.10.0",
      "dependencies": {},
      "lang": "js",
      "fileLocks": [
        {
          "assetId": "jkU633o1Cz7HrJdwdxhVHk",
          "type": "projectCss",
          "checksum": "0581d4378bb1604bb5fe3f65bb0a37de"
        }
      ],
      "codegenVersion": "0.0.1"
    }
  ],
  "cliVersion": "0.1.330"
}
